
Microsoft Visual Studio Solution File, Format Version 12.00
# Visual Studio Version 17
VisualStudioVersion = 17.8.34322.80
MinimumVisualStudioVersion = 10.0.40219.1
Project("{FAE04EC0-301F-11D3-BF4B-00C04F79EFBC}") = "FPT_Book", "FPT_Book.csproj", "{8AA1FC3F-DACD-4FC0-9FE3-020D835594A7}"
EndProject
Global
	GlobalSection(SolutionConfigurationPlatforms) = preSolution
		Debug|Any CPU = Debug|Any CPU
		Release|Any CPU = Release|Any CPU
	EndGlobalSection
	GlobalSection(ProjectConfigurationPlatforms) = postSolution
		{8AA1FC3F-DACD-4FC0-9FE3-020D835594A7}.Debug|Any CPU.ActiveCfg = Debug|Any CPU
		{8AA1FC3F-DACD-4FC0-9FE3-020D835594A7}.Debug|Any CPU.Build.0 = Debug|Any CPU
		{8AA1FC3F-DACD-4FC0-9FE3-020D835594A7}.Release|Any CPU.ActiveCfg = Release|Any CPU
		{8AA1FC3F-DACD-4FC0-9FE3-020D835594A7}.Release|Any CPU.Build.0 = Release|Any CPU
	EndGlobalSection
	GlobalSection(SolutionProperties) = preSolution
		HideSolutionNode = FALSE
	EndGlobalSection
	GlobalSection(ExtensibilityGlobals) = postSolution
		SolutionGuid = {D3CD14A7-A99E-4135-B88B-4C83C9A260E5}
	EndGlobalSection
EndGlobal
